{
  "name": "olm_bench",
  "version": "0.0.1",
  "lockfileVersion": 2,
  "requires": true,
  "packages": {
    "": {
      "name": "olm_bench",
      "version": "0.0.1",
      "dependencies": {
        "@matrix-org/olm": "^3.2.14",
        "localstorage-polyfill": "^1.0.1"
      }
    },
    "node_modules/@matrix-org/olm": {
      "version": "3.2.14",
      "resolved": "https://gitlab.matrix.org/api/v4/projects/27/packages/npm/@matrix-org/olm/-/@matrix-org/olm-3.2.14.tgz",
      "integrity": "sha1-rNlsAKiB0PRi4fl6Vsc3QsjbyYQ="
    },
    "node_modules/localstorage-polyfill": {
      "version": "1.0.1",
      "resolved": "https://registry.npmjs.org/localstorage-polyfill/-/localstorage-polyfill-1.0.1.tgz",
      "integrity": "sha512-m4iHVZxFH5734oQcPKU08025gIz2+4bjWR9lulP8ZYxEJR0BpA0w32oJmkzh8y3UI9ci7xCBehQDc3oA1X+VHw==",
      "engines": {
        "node": ">=6"
      }
    }
  },
  "dependencies": {
    "@matrix-org/olm": {
      "version": "3.2.14",
      "resolved": "https://gitlab.matrix.org/api/v4/projects/27/packages/npm/@matrix-org/olm/-/@matrix-org/olm-3.2.14.tgz",
      "integrity": "sha1-rNlsAKiB0PRi4fl6Vsc3QsjbyYQ="
    },
    "localstorage-polyfill": {
      "version": "1.0.1",
      "resolved": "https://registry.npmjs.org/localstorage-polyfill/-/localstorage-polyfill-1.0.1.tgz",
      "integrity": "sha512-m4iHVZxFH5734oQcPKU08025gIz2+4bjWR9lulP8ZYxEJR0BpA0w32oJmkzh8y3UI9ci7xCBehQDc3oA1X+VHw=="
    }
  }
}
